PODS:
  - SDWebImage (5.14.1):
    - SDWebImage/Core (= 5.14.1)
  - SDWebImage/Core (5.14.1)

DEPENDENCIES:
  - SDWebImage

SPEC REPOS:
  trunk:
    - SDWebImage

SPEC CHECKSUMS:
  SDWebImage: e1b3c38f170c6100130fce6856e423ed9e5f4fce

PODFILE CHECKSUM: eb247f10a19103d735aa653fc131b98bd2ee3b65

COCOAPODS: 1.11.3
